{
  "name": "Astriarch",
  "version": "1.6.3",
  "dependencies": {
    "async": {
      "version": "0.2.9",
      "from": "async@0.2.9",
      "resolved": "https://registry.npmjs.org/async/-/async-0.2.9.tgz"
    },
    "config": {
      "version": "0.4.34",
      "from": "https://registry.npmjs.org/config/-/config-0.4.34.tgz",
      "resolved": "https://registry.npmjs.org/config/-/config-0.4.34.tgz"
    },
    "connect-mongo": {
      "version": "0.8.2",
      "from": "connect-mongo@0.8.2",
      "resolved": "https://registry.npmjs.org/connect-mongo/-/connect-mongo-0.8.2.tgz",
      "dependencies": {
        "debug": {
          "version": "2.2.0",
          "from": "debug@2.2.0",
          "resolved": "https://registry.npmjs.org/debug/-/debug-2.2.0.tgz",
          "dependencies": {
            "ms": {
              "version": "0.7.1",
              "from": "ms@0.7.1",
              "resolved": "https://registry.npmjs.org/ms/-/ms-0.7.1.tgz"
            }
          }
        },
        "depd": {
          "version": "1.1.0",
          "from": "depd@>= 0.4.0",
          "resolved": "https://registry.npmjs.org/depd/-/depd-1.1.0.tgz"
        },
        "lodash": {
          "version": "4.13.1",
          "from": "lodash@*",
          "resolved": "https://registry.npmjs.org/lodash/-/lodash-4.13.1.tgz"
        },
        "mongodb": {
          "version": "2.0.55",
          "from": "mongodb@>= 1.2.0 <2.1.0",
          "resolved": "https://registry.npmjs.org/mongodb/-/mongodb-2.0.55.tgz",
          "dependencies": {
            "mongodb-core": {
              "version": "1.2.31",
              "from": "mongodb-core@1.2.31",
              "resolved": "https://registry.npmjs.org/mongodb-core/-/mongodb-core-1.2.31.tgz",
              "dependencies": {
                "bson": {
                  "version": "0.4.23",
                  "from": "bson@~0.4.20",
                  "resolved": "https://registry.npmjs.org/bson/-/bson-0.4.23.tgz"
                }
              }
            },
            "readable-stream": {
              "version": "1.0.31",
              "from": "readable-stream@1.0.31",
              "resolved": "https://registry.npmjs.org/readable-stream/-/readable-stream-1.0.31.tgz",
              "dependencies": {
                "core-util-is": {
                  "version": "1.0.2",
                  "from": "core-util-is@~1.0.0",
                  "resolved": "https://registry.npmjs.org/core-util-is/-/core-util-is-1.0.2.tgz"
                },
                "isarray": {
                  "version": "0.0.1",
                  "from": "isarray@0.0.1"
                },
                "string_decoder": {
                  "version": "0.10.31",
                  "from": "string_decoder@~0.10.x"
                },
                "inherits": {
                  "version": "2.0.1",
                  "from": "inherits@~2.0.1"
                }
              }
            },
            "es6-promise": {
              "version": "2.1.1",
              "from": "es6-promise@2.1.1",
              "resolved": "https://registry.npmjs.org/es6-promise/-/es6-promise-2.1.1.tgz"
            },
            "kerberos": {
              "version": "0.0.21",
              "from": "kerberos@~0.0",
              "resolved": "https://registry.npmjs.org/kerberos/-/kerberos-0.0.21.tgz",
              "dependencies": {
                "nan": {
                  "version": "2.3.5",
                  "from": "nan@~2.3",
                  "resolved": "https://registry.npmjs.org/nan/-/nan-2.3.5.tgz"
                }
              }
            }
          }
        }
      }
    },
    "console-ten": {
      "version": "0.0.5",
      "from": "https://registry.npmjs.org/console-ten/-/console-ten-0.0.5.tgz",
      "resolved": "https://registry.npmjs.org/console-ten/-/console-ten-0.0.5.tgz"
    },
    "express": {
      "version": "3.3.4",
      "from": "https://registry.npmjs.org/express/-/express-3.3.4.tgz",
      "resolved": "https://registry.npmjs.org/express/-/express-3.3.4.tgz",
      "dependencies": {
        "connect": {
          "version": "2.8.4",
          "from": "https://registry.npmjs.org/connect/-/connect-2.8.4.tgz",
          "resolved": "https://registry.npmjs.org/connect/-/connect-2.8.4.tgz",
          "dependencies": {
            "qs": {
              "version": "0.6.5",
              "from": "https://registry.npmjs.org/qs/-/qs-0.6.5.tgz",
              "resolved": "https://registry.npmjs.org/qs/-/qs-0.6.5.tgz"
            },
            "formidable": {
              "version": "1.0.14",
              "from": "https://registry.npmjs.org/formidable/-/formidable-1.0.14.tgz",
              "resolved": "https://registry.npmjs.org/formidable/-/formidable-1.0.14.tgz"
            },
            "bytes": {
              "version": "0.2.0",
              "from": "https://registry.npmjs.org/bytes/-/bytes-0.2.0.tgz",
              "resolved": "https://registry.npmjs.org/bytes/-/bytes-0.2.0.tgz"
            },
            "pause": {
              "version": "0.0.1",
              "from": "pause@0.0.1",
              "resolved": "https://registry.npmjs.org/pause/-/pause-0.0.1.tgz"
            },
            "uid2": {
              "version": "0.0.2",
              "from": "https://registry.npmjs.org/uid2/-/uid2-0.0.2.tgz",
              "resolved": "https://registry.npmjs.org/uid2/-/uid2-0.0.2.tgz"
            }
          }
        },
        "commander": {
          "version": "1.2.0",
          "from": "https://registry.npmjs.org/commander/-/commander-1.2.0.tgz",
          "resolved": "https://registry.npmjs.org/commander/-/commander-1.2.0.tgz",
          "dependencies": {
            "keypress": {
              "version": "0.1.0",
              "from": "https://registry.npmjs.org/keypress/-/keypress-0.1.0.tgz",
              "resolved": "https://registry.npmjs.org/keypress/-/keypress-0.1.0.tgz"
            }
          }
        },
        "range-parser": {
          "version": "0.0.4",
          "from": "range-parser@0.0.4",
          "resolved": "https://registry.npmjs.org/range-parser/-/range-parser-0.0.4.tgz"
        },
        "mkdirp": {
          "version": "0.3.5",
          "from": "mkdirp@0.3.5",
          "resolved": "https://registry.npmjs.org/mkdirp/-/mkdirp-0.3.5.tgz"
        },
        "cookie": {
          "version": "0.1.0",
          "from": "cookie@0.1.0",
          "resolved": "https://registry.npmjs.org/cookie/-/cookie-0.1.0.tgz"
        },
        "buffer-crc32": {
          "version": "0.2.1",
          "from": "buffer-crc32@0.2.1",
          "resolved": "https://registry.npmjs.org/buffer-crc32/-/buffer-crc32-0.2.1.tgz"
        },
        "fresh": {
          "version": "0.1.0",
          "from": "https://registry.npmjs.org/fresh/-/fresh-0.1.0.tgz",
          "resolved": "https://registry.npmjs.org/fresh/-/fresh-0.1.0.tgz"
        },
        "methods": {
          "version": "0.0.1",
          "from": "https://registry.npmjs.org/methods/-/methods-0.0.1.tgz",
          "resolved": "https://registry.npmjs.org/methods/-/methods-0.0.1.tgz"
        },
        "send": {
          "version": "0.1.3",
          "from": "https://registry.npmjs.org/send/-/send-0.1.3.tgz",
          "resolved": "https://registry.npmjs.org/send/-/send-0.1.3.tgz",
          "dependencies": {
            "mime": {
              "version": "1.2.11",
              "from": "https://registry.npmjs.org/mime/-/mime-1.2.11.tgz",
              "resolved": "https://registry.npmjs.org/mime/-/mime-1.2.11.tgz"
            }
          }
        },
        "cookie-signature": {
          "version": "1.0.1",
          "from": "cookie-signature@1.0.1",
          "resolved": "https://registry.npmjs.org/cookie-signature/-/cookie-signature-1.0.1.tgz"
        },
        "debug": {
          "version": "0.7.4",
          "from": "https://registry.npmjs.org/debug/-/debug-0.7.4.tgz",
          "resolved": "https://registry.npmjs.org/debug/-/debug-0.7.4.tgz"
        }
      }
    },
    "extend": {
      "version": "1.2.0",
      "from": "https://registry.npmjs.org/extend/-/extend-1.2.0.tgz",
      "resolved": "https://registry.npmjs.org/extend/-/extend-1.2.0.tgz"
    },
    "jade": {
      "version": "0.35.0",
      "from": "https://registry.npmjs.org/jade/-/jade-0.35.0.tgz",
      "resolved": "https://registry.npmjs.org/jade/-/jade-0.35.0.tgz",
      "dependencies": {
        "commander": {
          "version": "2.0.0",
          "from": "https://registry.npmjs.org/commander/-/commander-2.0.0.tgz",
          "resolved": "https://registry.npmjs.org/commander/-/commander-2.0.0.tgz"
        },
        "mkdirp": {
          "version": "0.3.5",
          "from": "mkdirp@0.3.5",
          "resolved": "https://registry.npmjs.org/mkdirp/-/mkdirp-0.3.5.tgz"
        },
        "transformers": {
          "version": "2.1.0",
          "from": "transformers@2.1.0",
          "resolved": "https://registry.npmjs.org/transformers/-/transformers-2.1.0.tgz",
          "dependencies": {
            "promise": {
              "version": "2.0.0",
              "from": "promise@2.0.0",
              "resolved": "https://registry.npmjs.org/promise/-/promise-2.0.0.tgz",
              "dependencies": {
                "is-promise": {
                  "version": "1.0.0",
                  "from": "is-promise@1.0.0",
                  "resolved": "https://registry.npmjs.org/is-promise/-/is-promise-1.0.0.tgz"
                }
              }
            },
            "css": {
              "version": "1.0.8",
              "from": "css@1.0.8",
              "resolved": "https://registry.npmjs.org/css/-/css-1.0.8.tgz",
              "dependencies": {
                "css-parse": {
                  "version": "1.0.4",
                  "from": "css-parse@1.0.4",
                  "resolved": "https://registry.npmjs.org/css-parse/-/css-parse-1.0.4.tgz"
                },
                "css-stringify": {
                  "version": "1.0.5",
                  "from": "css-stringify@1.0.5",
                  "resolved": "https://registry.npmjs.org/css-stringify/-/css-stringify-1.0.5.tgz"
                }
              }
            },
            "uglify-js": {
              "version": "2.2.5",
              "from": "uglify-js@2.2.5",
              "resolved": "https://registry.npmjs.org/uglify-js/-/uglify-js-2.2.5.tgz",
              "dependencies": {
                "source-map": {
                  "version": "0.1.31",
                  "from": "source-map@0.1.31",
                  "resolved": "https://registry.npmjs.org/source-map/-/source-map-0.1.31.tgz",
                  "dependencies": {
                    "amdefine": {
                      "version": "0.1.0",
                      "from": "amdefine@0.1.0",
                      "resolved": "https://registry.npmjs.org/amdefine/-/amdefine-0.1.0.tgz"
                    }
                  }
                },
                "optimist": {
                  "version": "0.3.7",
                  "from": "optimist@0.3.7",
                  "resolved": "https://registry.npmjs.org/optimist/-/optimist-0.3.7.tgz",
                  "dependencies": {
                    "wordwrap": {
                      "version": "0.0.2",
                      "from": "wordwrap@0.0.2",
                      "resolved": "https://registry.npmjs.org/wordwrap/-/wordwrap-0.0.2.tgz"
                    }
                  }
                }
              }
            }
          }
        },
        "character-parser": {
          "version": "1.2.0",
          "from": "character-parser@1.2.0",
          "resolved": "https://registry.npmjs.org/character-parser/-/character-parser-1.2.0.tgz"
        },
        "monocle": {
          "version": "1.1.50",
          "from": "https://registry.npmjs.org/monocle/-/monocle-1.1.50.tgz",
          "resolved": "https://registry.npmjs.org/monocle/-/monocle-1.1.50.tgz",
          "dependencies": {
            "readdirp": {
              "version": "0.2.5",
              "from": "readdirp@0.2.5",
              "resolved": "https://registry.npmjs.org/readdirp/-/readdirp-0.2.5.tgz",
              "dependencies": {
                "minimatch": {
                  "version": "0.2.14",
                  "from": "minimatch@0.2.14",
                  "resolved": "https://registry.npmjs.org/minimatch/-/minimatch-0.2.14.tgz",
                  "dependencies": {
                    "lru-cache": {
                      "version": "2.5.0",
                      "from": "lru-cache@2.5.0",
                      "resolved": "https://registry.npmjs.org/lru-cache/-/lru-cache-2.5.0.tgz"
                    },
                    "sigmund": {
                      "version": "1.0.0",
                      "from": "sigmund@1.0.0",
                      "resolved": "https://registry.npmjs.org/sigmund/-/sigmund-1.0.0.tgz"
                    }
                  }
                }
              }
            }
          }
        },
        "with": {
          "version": "1.1.1",
          "from": "https://registry.npmjs.org/with/-/with-1.1.1.tgz",
          "resolved": "https://registry.npmjs.org/with/-/with-1.1.1.tgz",
          "dependencies": {
            "uglify-js": {
              "version": "2.4.0",
              "from": "uglify-js@2.4.0",
              "resolved": "https://registry.npmjs.org/uglify-js/-/uglify-js-2.4.0.tgz",
              "dependencies": {
                "source-map": {
                  "version": "0.1.31",
                  "from": "source-map@0.1.31",
                  "resolved": "https://registry.npmjs.org/source-map/-/source-map-0.1.31.tgz",
                  "dependencies": {
                    "amdefine": {
                      "version": "0.1.0",
                      "from": "amdefine@0.1.0",
                      "resolved": "https://registry.npmjs.org/amdefine/-/amdefine-0.1.0.tgz"
                    }
                  }
                },
                "optimist": {
                  "version": "0.3.7",
                  "from": "optimist@0.3.7",
                  "resolved": "https://registry.npmjs.org/optimist/-/optimist-0.3.7.tgz",
                  "dependencies": {
                    "wordwrap": {
                      "version": "0.0.2",
                      "from": "wordwrap@0.0.2",
                      "resolved": "https://registry.npmjs.org/wordwrap/-/wordwrap-0.0.2.tgz"
                    }
                  }
                },
                "uglify-to-browserify": {
                  "version": "1.0.1",
                  "from": "uglify-to-browserify@1.0.1",
                  "resolved": "https://registry.npmjs.org/uglify-to-browserify/-/uglify-to-browserify-1.0.1.tgz"
                }
              }
            }
          }
        },
        "constantinople": {
          "version": "1.0.2",
          "from": "constantinople@1.0.2",
          "resolved": "https://registry.npmjs.org/constantinople/-/constantinople-1.0.2.tgz",
          "dependencies": {
            "uglify-js": {
              "version": "2.4.8",
              "from": "uglify-js@2.4.8",
              "resolved": "https://registry.npmjs.org/uglify-js/-/uglify-js-2.4.8.tgz",
              "dependencies": {
                "source-map": {
                  "version": "0.1.31",
                  "from": "source-map@0.1.31",
                  "resolved": "https://registry.npmjs.org/source-map/-/source-map-0.1.31.tgz",
                  "dependencies": {
                    "amdefine": {
                      "version": "0.1.0",
                      "from": "amdefine@0.1.0",
                      "resolved": "https://registry.npmjs.org/amdefine/-/amdefine-0.1.0.tgz"
                    }
                  }
                },
                "optimist": {
                  "version": "0.3.7",
                  "from": "optimist@0.3.7",
                  "resolved": "https://registry.npmjs.org/optimist/-/optimist-0.3.7.tgz",
                  "dependencies": {
                    "wordwrap": {
                      "version": "0.0.2",
                      "from": "wordwrap@0.0.2",
                      "resolved": "https://registry.npmjs.org/wordwrap/-/wordwrap-0.0.2.tgz"
                    }
                  }
                },
                "uglify-to-browserify": {
                  "version": "1.0.1",
                  "from": "uglify-to-browserify@1.0.1",
                  "resolved": "https://registry.npmjs.org/uglify-to-browserify/-/uglify-to-browserify-1.0.1.tgz"
                }
              }
            }
          }
        }
      }
    },
    "mongoose": {
      "version": "4.4.20",
      "from": "mongoose@latest",
      "dependencies": {
        "async": {
          "version": "1.5.2",
          "from": "async@1.5.2",
          "resolved": "https://registry.npmjs.org/async/-/async-1.5.2.tgz"
        },
        "bson": {
          "version": "0.4.23",
          "from": "bson@~0.4.23"
        },
        "hooks-fixed": {
          "version": "1.1.0",
          "from": "hooks-fixed@1.1.0",
          "resolved": "https://registry.npmjs.org/hooks-fixed/-/hooks-fixed-1.1.0.tgz"
        },
        "kareem": {
          "version": "1.0.1",
          "from": "kareem@1.0.1",
          "resolved": "https://registry.npmjs.org/kareem/-/kareem-1.0.1.tgz"
        },
        "mongodb": {
          "version": "2.1.18",
          "from": "mongodb@2.1.18",
          "resolved": "https://registry.npmjs.org/mongodb/-/mongodb-2.1.18.tgz",
          "dependencies": {
            "es6-promise": {
              "version": "3.0.2",
              "from": "es6-promise@3.0.2",
              "resolved": "https://registry.npmjs.org/es6-promise/-/es6-promise-3.0.2.tgz"
            },
            "mongodb-core": {
              "version": "1.3.18",
              "from": "mongodb-core@1.3.18",
              "resolved": "https://registry.npmjs.org/mongodb-core/-/mongodb-core-1.3.18.tgz",
              "dependencies": {
                "require_optional": {
                  "version": "1.0.0",
                  "from": "require_optional@~1.0.0",
                  "dependencies": {
                    "semver": {
                      "version": "5.1.0",
                      "from": "semver@^5.1.0",
                      "resolved": "https://registry.npmjs.org/semver/-/semver-5.1.0.tgz"
                    },
                    "resolve-from": {
                      "version": "2.0.0",
                      "from": "resolve-from@^2.0.0",
                      "resolved": "https://registry.npmjs.org/resolve-from/-/resolve-from-2.0.0.tgz"
                    }
                  }
                }
              }
            },
            "readable-stream": {
              "version": "1.0.31",
              "from": "readable-stream@1.0.31",
              "resolved": "https://registry.npmjs.org/readable-stream/-/readable-stream-1.0.31.tgz",
              "dependencies": {
                "core-util-is": {
                  "version": "1.0.2",
                  "from": "core-util-is@~1.0.0"
                },
                "isarray": {
                  "version": "0.0.1",
                  "from": "isarray@0.0.1",
                  "resolved": "https://registry.npmjs.org/isarray/-/isarray-0.0.1.tgz"
                },
                "string_decoder": {
                  "version": "0.10.31",
                  "from": "string_decoder@~0.10.x"
                },
                "inherits": {
                  "version": "2.0.1",
                  "from": "inherits@~2.0.1"
                }
              }
            }
          }
        },
        "mpath": {
          "version": "0.2.1",
          "from": "mpath@0.2.1",
          "resolved": "https://registry.npmjs.org/mpath/-/mpath-0.2.1.tgz"
        },
        "mpromise": {
          "version": "0.5.5",
          "from": "mpromise@0.5.5",
          "resolved": "https://registry.npmjs.org/mpromise/-/mpromise-0.5.5.tgz"
        },
        "mquery": {
          "version": "1.11.0",
          "from": "mquery@1.11.0",
          "resolved": "https://registry.npmjs.org/mquery/-/mquery-1.11.0.tgz",
          "dependencies": {
            "bluebird": {
              "version": "2.10.2",
              "from": "bluebird@2.10.2",
              "resolved": "https://registry.npmjs.org/bluebird/-/bluebird-2.10.2.tgz"
            },
            "debug": {
              "version": "2.2.0",
              "from": "debug@2.2.0",
              "resolved": "https://registry.npmjs.org/debug/-/debug-2.2.0.tgz"
            },
            "sliced": {
              "version": "0.0.5",
              "from": "sliced@0.0.5",
              "resolved": "https://registry.npmjs.org/sliced/-/sliced-0.0.5.tgz"
            }
          }
        },
        "ms": {
          "version": "0.7.1",
          "from": "ms@0.7.1",
          "resolved": "https://registry.npmjs.org/ms/-/ms-0.7.1.tgz"
        },
        "muri": {
          "version": "1.1.0",
          "from": "muri@1.1.0",
          "resolved": "https://registry.npmjs.org/muri/-/muri-1.1.0.tgz"
        },
        "regexp-clone": {
          "version": "0.0.1",
          "from": "regexp-clone@0.0.1",
          "resolved": "https://registry.npmjs.org/regexp-clone/-/regexp-clone-0.0.1.tgz"
        },
        "sliced": {
          "version": "1.0.1",
          "from": "sliced@1.0.1",
          "resolved": "https://registry.npmjs.org/sliced/-/sliced-1.0.1.tgz"
        }
      }
    },
    "ws": {
      "version": "0.4.27",
      "from": "https://registry.npmjs.org/ws/-/ws-0.4.27.tgz",
      "resolved": "https://registry.npmjs.org/ws/-/ws-0.4.27.tgz",
      "dependencies": {
        "commander": {
          "version": "0.6.1",
          "from": "commander@0.6.1",
          "resolved": "https://registry.npmjs.org/commander/-/commander-0.6.1.tgz"
        },
        "tinycolor": {
          "version": "0.0.1",
          "from": "tinycolor@0.0.1",
          "resolved": "https://registry.npmjs.org/tinycolor/-/tinycolor-0.0.1.tgz"
        },
        "options": {
          "version": "0.0.5",
          "from": "options@0.0.5",
          "resolved": "https://registry.npmjs.org/options/-/options-0.0.5.tgz"
        }
      }
    }
  }
}
